{"1.1.0",
[{<<"cf">>,{pkg,<<"cf">>,<<"0.2.2">>},1},
 {<<"erlware_commons">>,
  {git,"git@github.com:erlware/erlware_commons.git",
       {ref,"0898f1caf07870f6c403f8448a10922277584625"}},
  0},
 {<<"goldrush">>,
  {git,"https://github.com/basho/goldrush.git",
       {ref,"8f1b715d36b650ec1e1f5612c00e28af6ab0de82"}},
  2},
 {<<"ibrowse">>,
  {git,"git@github.com:cmullaparthi/ibrowse.git",
       {ref,"7529807170cf3c8f6a8c5c95526e670420ff591b"}},
  0},
 {<<"jiffy">>,
  {git,"git@github.com:davisp/jiffy.git",
       {ref,"06aaf440e091c9fd5f8aea557ac760a33bd37130"}},
  0},
 {<<"jsonpath">>,
  {git,"git@github.com:GeneStevens/jsonpath.git",
       {ref,"446704cc62b4058eb8298470def7a54ae6ce7d76"}},
  0},
 {<<"lager">>,
  {git,"git://github.com/basho/lager.git",
       {ref,"81eaef0ce98fdbf64ab95665e3bc2ec4b24c7dac"}},
  1}]}.
[
{pkg_hash,[
 {<<"cf">>, <<"7F2913FFF90ABCABD0F489896CFEB0B0674F6C8DF6C10B17A83175448029896C">>}]}
].
